{
  "name": "JS_Santosh",
  "lockfileVersion": 2,
  "requires": true,
  "packages": {
    "": {
      "dependencies": {
        "@skalwar/simple_number_formatter": "^1.0.1"
      }
    },
    "node_modules/@skalwar/simple_number_formatter": {
      "version": "1.0.1",
      "resolved": "https://registry.npmjs.org/@skalwar/simple_number_formatter/-/simple_number_formatter-1.0.1.tgz",
      "integrity": "sha512-uum2xM6v9nfTUn4HUHKK0A4QdOsOzxzN1FcWD0KYIi+dYx8QziwgaJEs01JXDW7Oi2WJViQbYKsvdRwpd2Rg6Q==",
      "engines": {
        "node": ">=4.2.4"
      }
    }
  },
  "dependencies": {
    "@skalwar/simple_number_formatter": {
      "version": "1.0.1",
      "resolved": "https://registry.npmjs.org/@skalwar/simple_number_formatter/-/simple_number_formatter-1.0.1.tgz",
      "integrity": "sha512-uum2xM6v9nfTUn4HUHKK0A4QdOsOzxzN1FcWD0KYIi+dYx8QziwgaJEs01JXDW7Oi2WJViQbYKsvdRwpd2Rg6Q=="
    }
  }
}
